// !$*UTF8*$!
{
	archiveVersion = 1;
	classes = {
	};
	objectVersion = 70;
	objects = {

/* Begin PBXBuildFile section */
		53095E5C2C922E7300C0F7DB /* WaterTrackerApp.swift in Sources */ = {isa = PBXBuildFile; fileRef = 53095E5B2C922E7300C0F7DB /* WaterTrackerApp.swift */; };
		53095E622C922E7400C0F7DB /* Assets.xcassets in Resources */ = {isa = PBXBuildFile; fileRef = 53095E612C922E7400C0F7DB /* Assets.xcassets */; };
		53095E652C922E7400C0F7DB /* Preview Assets.xcassets in Resources */ = {isa = PBXBuildFile; fileRef = 53095E642C922E7400C0F7DB /* Preview Assets.xcassets */; };
		53095E6F2C922E7400C0F7DB /* WaterTrackerTests.swift in Sources */ = {isa = PBXBuildFile; fileRef = 53095E6E2C922E7400C0F7DB /* WaterTrackerTests.swift */; };
		53095E792C922E7400C0F7DB /* WaterTrackerUITests.swift in Sources */ = {isa = PBXBuildFile; fileRef = 53095E782C922E7400C0F7DB /* WaterTrackerUITests.swift */; };
		53095E7B2C922E7400C0F7DB /* WaterTrackerUITestsLaunchTests.swift in Sources */ = {isa = PBXBuildFile; fileRef = 53095E7A2C922E7400C0F7DB /* WaterTrackerUITestsLaunchTests.swift */; };
		53095E8B2C92C94600C0F7DB /* Language.json in Resources */ = {isa = PBXBuildFile; fileRef = 53095E8A2C92C94600C0F7DB /* Language.json */; };
		53095E8D2C92CA2500C0F7DB /* LocalizedKey.swift in Sources */ = {isa = PBXBuildFile; fileRef = 53095E8C2C92CA2500C0F7DB /* LocalizedKey.swift */; };
		53095E912C92CA9700C0F7DB /* AppLanguage.swift in Sources */ = {isa = PBXBuildFile; fileRef = 53095E902C92CA9700C0F7DB /* AppLanguage.swift */; };
		53095E942C92CBD500C0F7DB /* UserPreferences.swift in Sources */ = {isa = PBXBuildFile; fileRef = 53095E932C92CBD500C0F7DB /* UserPreferences.swift */; };
		53095E962C92CD8200C0F7DB /* LocalizedText.swift in Sources */ = {isa = PBXBuildFile; fileRef = 53095E952C92CD8200C0F7DB /* LocalizedText.swift */; };
		53095E992C92CE2200C0F7DB /* Optional.swift in Sources */ = {isa = PBXBuildFile; fileRef = 53095E982C92CE2200C0F7DB /* Optional.swift */; };
		53095E9B2C92D0DE00C0F7DB /* Bundle+Decode.swift in Sources */ = {isa = PBXBuildFile; fileRef = 53095E9A2C92D0DE00C0F7DB /* Bundle+Decode.swift */; };
		53095E9F2C92D23600C0F7DB /* SplashScreen.swift in Sources */ = {isa = PBXBuildFile; fileRef = 53095E9E2C92D23600C0F7DB /* SplashScreen.swift */; };
		53095EAB2C92DBD800C0F7DB /* OnboardingScreen.swift in Sources */ = {isa = PBXBuildFile; fileRef = 53095EAA2C92DBD800C0F7DB /* OnboardingScreen.swift */; };
		53095EAD2C92E3B600C0F7DB /* AppTheme.swift in Sources */ = {isa = PBXBuildFile; fileRef = 53095EAC2C92E3B600C0F7DB /* AppTheme.swift */; };
		53095EAF2C92E6BB00C0F7DB /* PagingIndicator.swift in Sources */ = {isa = PBXBuildFile; fileRef = 53095EAE2C92E6BB00C0F7DB /* PagingIndicator.swift */; };
		53095EB12C92E6EA00C0F7DB /* Onboarding.swift in Sources */ = {isa = PBXBuildFile; fileRef = 53095EB02C92E6EA00C0F7DB /* Onboarding.swift */; };
		53095EB32C934CFF00C0F7DB /* AppButton.swift in Sources */ = {isa = PBXBuildFile; fileRef = 53095EB22C934CFF00C0F7DB /* AppButton.swift */; };
		53095EB52C93546100C0F7DB /* Wave.swift in Sources */ = {isa = PBXBuildFile; fileRef = 53095EB42C93546100C0F7DB /* Wave.swift */; };
		53095EB82C93555600C0F7DB /* TabScreen.swift in Sources */ = {isa = PBXBuildFile; fileRef = 53095EB72C93555600C0F7DB /* TabScreen.swift */; };
		535C2AFB2C9C30F500B4C026 /* CustomTextField.swift in Sources */ = {isa = PBXBuildFile; fileRef = 535C2AFA2C9C30F500B4C026 /* CustomTextField.swift */; };
		535C2B032C9C5C5000B4C026 /* LocalizedButton.swift in Sources */ = {isa = PBXBuildFile; fileRef = 535C2B022C9C5C5000B4C026 /* LocalizedButton.swift */; };
		536569902C957C820012E7BD /* HomeScreen.swift in Sources */ = {isa = PBXBuildFile; fileRef = 5365698F2C957C820012E7BD /* HomeScreen.swift */; };
		536569922C9588B50012E7BD /* HomeScreenVM.swift in Sources */ = {isa = PBXBuildFile; fileRef = 536569912C9588B50012E7BD /* HomeScreenVM.swift */; };
		53C5D98C2C96B6C1007D2932 /* AnalysisScreen.swift in Sources */ = {isa = PBXBuildFile; fileRef = 53C5D98B2C96B6C1007D2932 /* AnalysisScreen.swift */; };
		53C5D98E2C96C240007D2932 /* NotificationBadge.swift in Sources */ = {isa = PBXBuildFile; fileRef = 53C5D98D2C96C240007D2932 /* NotificationBadge.swift */; };
		53C5D9902C96EA99007D2932 /* LocalizedNavTitle.swift in Sources */ = {isa = PBXBuildFile; fileRef = 53C5D98F2C96EA99007D2932 /* LocalizedNavTitle.swift */; };
		53C5D9922C96EF3B007D2932 /* ActivityRing.swift in Sources */ = {isa = PBXBuildFile; fileRef = 53C5D9912C96EF3B007D2932 /* ActivityRing.swift */; };
		53D8E7662C99516F00AC1BC7 /* DropDownMenu.swift in Sources */ = {isa = PBXBuildFile; fileRef = 53D8E7652C99516F00AC1BC7 /* DropDownMenu.swift */; };
/* End PBXBuildFile section */

/* Begin PBXContainerItemProxy section */
		53095E6B2C922E7400C0F7DB /* PBXContainerItemProxy */ = {
			isa = PBXContainerItemProxy;
			containerPortal = 53095E502C922E7300C0F7DB /* Project object */;
			proxyType = 1;
			remoteGlobalIDString = 53095E572C922E7300C0F7DB;
			remoteInfo = WaterTracker;
		};
		53095E752C922E7400C0F7DB /* PBXContainerItemProxy */ = {
			isa = PBXContainerItemProxy;
			containerPortal = 53095E502C922E7300C0F7DB /* Project object */;
			proxyType = 1;
			remoteGlobalIDString = 53095E572C922E7300C0F7DB;
			remoteInfo = WaterTracker;
		};
/* End PBXContainerItemProxy section */

/* Begin PBXFileReference section */
		53095E582C922E7300C0F7DB /* WaterTracker.app */ = {isa = PBXFileReference; explicitFileType = wrapper.application; includeInIndex = 0; path = WaterTracker.app; sourceTree = BUILT_PRODUCTS_DIR; };
		53095E5B2C922E7300C0F7DB /* WaterTrackerApp.swift */ = {isa = PBXFileReference; lastKnownFileType = sourcecode.swift; path = WaterTrackerApp.swift; sourceTree = "<group>"; };
		53095E612C922E7400C0F7DB /* Assets.xcassets */ = {isa = PBXFileReference; lastKnownFileType = folder.assetcatalog; path = Assets.xcassets; sourceTree = "<group>"; };
		53095E642C922E7400C0F7DB /* Preview Assets.xcassets */ = {isa = PBXFileReference; lastKnownFileType = folder.assetcatalog; path = "Preview Assets.xcassets"; sourceTree = "<group>"; };
		53095E6A2C922E7400C0F7DB /* WaterTrackerTests.xctest */ = {isa = PBXFileReference; explicitFileType = wrapper.cfbundle; includeInIndex = 0; path = WaterTrackerTests.xctest; sourceTree = BUILT_PRODUCTS_DIR; };
		53095E6E2C922E7400C0F7DB /* WaterTrackerTests.swift */ = {isa = PBXFileReference; lastKnownFileType = sourcecode.swift; path = WaterTrackerTests.swift; sourceTree = "<group>"; };
		53095E742C922E7400C0F7DB /* WaterTrackerUITests.xctest */ = {isa = PBXFileReference; explicitFileType = wrapper.cfbundle; includeInIndex = 0; path = WaterTrackerUITests.xctest; sourceTree = BUILT_PRODUCTS_DIR; };
		53095E782C922E7400C0F7DB /* WaterTrackerUITests.swift */ = {isa = PBXFileReference; lastKnownFileType = sourcecode.swift; path = WaterTrackerUITests.swift; sourceTree = "<group>"; };
		53095E7A2C922E7400C0F7DB /* WaterTrackerUITestsLaunchTests.swift */ = {isa = PBXFileReference; lastKnownFileType = sourcecode.swift; path = WaterTrackerUITestsLaunchTests.swift; sourceTree = "<group>"; };
		53095E8A2C92C94600C0F7DB /* Language.json */ = {isa = PBXFileReference; lastKnownFileType = text.json; path = Language.json; sourceTree = "<group>"; };
		53095E8C2C92CA2500C0F7DB /* LocalizedKey.swift */ = {isa = PBXFileReference; lastKnownFileType = sourcecode.swift; path = LocalizedKey.swift; sourceTree = "<group>"; };
		53095E902C92CA9700C0F7DB /* AppLanguage.swift */ = {isa = PBXFileReference; lastKnownFileType = sourcecode.swift; path = AppLanguage.swift; sourceTree = "<group>"; };
		53095E932C92CBD500C0F7DB /* UserPreferences.swift */ = {isa = PBXFileReference; lastKnownFileType = sourcecode.swift; path = UserPreferences.swift; sourceTree = "<group>"; };
		53095E952C92CD8200C0F7DB /* LocalizedText.swift */ = {isa = PBXFileReference; lastKnownFileType = sourcecode.swift; path = LocalizedText.swift; sourceTree = "<group>"; };
		53095E982C92CE2200C0F7DB /* Optional.swift */ = {isa = PBXFileReference; lastKnownFileType = sourcecode.swift; path = Optional.swift; sourceTree = "<group>"; };
		53095E9A2C92D0DE00C0F7DB /* Bundle+Decode.swift */ = {isa = PBXFileReference; lastKnownFileType = sourcecode.swift; path = "Bundle+Decode.swift"; sourceTree = "<group>"; };
		53095E9E2C92D23600C0F7DB /* SplashScreen.swift */ = {isa = PBXFileReference; lastKnownFileType = sourcecode.swift; path = SplashScreen.swift; sourceTree = "<group>"; };
		53095EAA2C92DBD800C0F7DB /* OnboardingScreen.swift */ = {isa = PBXFileReference; lastKnownFileType = sourcecode.swift; path = OnboardingScreen.swift; sourceTree = "<group>"; };
		53095EAC2C92E3B600C0F7DB /* AppTheme.swift */ = {isa = PBXFileReference; lastKnownFileType = sourcecode.swift; path = AppTheme.swift; sourceTree = "<group>"; };
		53095EAE2C92E6BB00C0F7DB /* PagingIndicator.swift */ = {isa = PBXFileReference; lastKnownFileType = sourcecode.swift; path = PagingIndicator.swift; sourceTree = "<group>"; };
		53095EB02C92E6EA00C0F7DB /* Onboarding.swift */ = {isa = PBXFileReference; lastKnownFileType = sourcecode.swift; path = Onboarding.swift; sourceTree = "<group>"; };
		53095EB22C934CFF00C0F7DB /* AppButton.swift */ = {isa = PBXFileReference; lastKnownFileType = sourcecode.swift; path = AppButton.swift; sourceTree = "<group>"; };
		53095EB42C93546100C0F7DB /* Wave.swift */ = {isa = PBXFileReference; lastKnownFileType = sourcecode.swift; path = Wave.swift; sourceTree = "<group>"; };
		53095EB72C93555600C0F7DB /* TabScreen.swift */ = {isa = PBXFileReference; lastKnownFileType = sourcecode.swift; path = TabScreen.swift; sourceTree = "<group>"; };
		535C2AFA2C9C30F500B4C026 /* CustomTextField.swift */ = {isa = PBXFileReference; lastKnownFileType = sourcecode.swift; path = CustomTextField.swift; sourceTree = "<group>"; };
		535C2B022C9C5C5000B4C026 /* LocalizedButton.swift */ = {isa = PBXFileReference; lastKnownFileType = sourcecode.swift; path = LocalizedButton.swift; sourceTree = "<group>"; };
		5365698F2C957C820012E7BD /* HomeScreen.swift */ = {isa = PBXFileReference; lastKnownFileType = sourcecode.swift; path = HomeScreen.swift; sourceTree = "<group>"; };
		536569912C9588B50012E7BD /* HomeScreenVM.swift */ = {isa = PBXFileReference; lastKnownFileType = sourcecode.swift; path = HomeScreenVM.swift; sourceTree = "<group>"; };
		53C5D98B2C96B6C1007D2932 /* AnalysisScreen.swift */ = {isa = PBXFileReference; lastKnownFileType = sourcecode.swift; path = AnalysisScreen.swift; sourceTree = "<group>"; };
		53C5D98D2C96C240007D2932 /* NotificationBadge.swift */ = {isa = PBXFileReference; lastKnownFileType = sourcecode.swift; path = NotificationBadge.swift; sourceTree = "<group>"; };
		53C5D98F2C96EA99007D2932 /* LocalizedNavTitle.swift */ = {isa = PBXFileReference; lastKnownFileType = sourcecode.swift; path = LocalizedNavTitle.swift; sourceTree = "<group>"; };
		53C5D9912C96EF3B007D2932 /* ActivityRing.swift */ = {isa = PBXFileReference; lastKnownFileType = sourcecode.swift; path = ActivityRing.swift; sourceTree = "<group>"; };
		53D8E7652C99516F00AC1BC7 /* DropDownMenu.swift */ = {isa = PBXFileReference; lastKnownFileType = sourcecode.swift; path = DropDownMenu.swift; sourceTree = "<group>"; };
/* End PBXFileReference section */

/* Begin PBXFileSystemSynchronizedRootGroup section */
		535C2AF72C9C2BA400B4C026 /* Profile */ = {isa = PBXFileSystemSynchronizedRootGroup; explicitFileTypes = {}; explicitFolders = (); path = Profile; sourceTree = "<group>"; };
		535C2AFC2C9C513C00B4C026 /* Setting */ = {isa = PBXFileSystemSynchronizedRootGroup; explicitFileTypes = {}; explicitFolders = (); path = Setting; sourceTree = "<group>"; };
		535C2AFF2C9C5A7A00B4C026 /* ChooseLanguage */ = {isa = PBXFileSystemSynchronizedRootGroup; explicitFileTypes = {}; explicitFolders = (); path = ChooseLanguage; sourceTree = "<group>"; };
		53D8E7622C99419000AC1BC7 /* SetYourGoal */ = {isa = PBXFileSystemSynchronizedRootGroup; explicitFileTypes = {}; explicitFolders = (); path = SetYourGoal; sourceTree = "<group>"; };
/* End PBXFileSystemSynchronizedRootGroup section */

/* Begin PBXFrameworksBuildPhase section */
		53095E552C922E7300C0F7DB /* Frameworks */ = {
			isa = PBXFrameworksBuildPhase;
			buildActionMask = 2147483647;
			files = (
			);
			runOnlyForDeploymentPostprocessing = 0;
		};
		53095E672C922E7400C0F7DB /* Frameworks */ = {
			isa = PBXFrameworksBuildPhase;
			buildActionMask = 2147483647;
			files = (
			);
			runOnlyForDeploymentPostprocessing = 0;
		};
		53095E712C922E7400C0F7DB /* Frameworks */ = {
			isa = PBXFrameworksBuildPhase;
			buildActionMask = 2147483647;
			files = (
			);
			runOnlyForDeploymentPostprocessing = 0;
		};
/* End PBXFrameworksBuildPhase section */

/* Begin PBXGroup section */
		53095E4F2C922E7300C0F7DB = {
			isa = PBXGroup;
			children = (
				53095E5A2C922E7300C0F7DB /* WaterTracker */,
				53095E6D2C922E7400C0F7DB /* WaterTrackerTests */,
				53095E772C922E7400C0F7DB /* WaterTrackerUITests */,
				53095E592C922E7300C0F7DB /* Products */,
			);
			sourceTree = "<group>";
		};
		53095E592C922E7300C0F7DB /* Products */ = {
			isa = PBXGroup;
			children = (
				53095E582C922E7300C0F7DB /* WaterTracker.app */,
				53095E6A2C922E7400C0F7DB /* WaterTrackerTests.xctest */,
				53095E742C922E7400C0F7DB /* WaterTrackerUITests.xctest */,
			);
			name = Products;
			sourceTree = "<group>";
		};
		53095E5A2C922E7300C0F7DB /* WaterTracker */ = {
			isa = PBXGroup;
			children = (
				53095E5B2C922E7300C0F7DB /* WaterTrackerApp.swift */,
				53095EA42C92D51B00C0F7DB /* Components */,
				53095E9C2C92D20B00C0F7DB /* Features */,
				53095E922C92CBC300C0F7DB /* Managers */,
				53095E8E2C92CA8900C0F7DB /* Models */,
				53095E882C92C8F100C0F7DB /* Utils */,
				53095E872C92C58C00C0F7DB /* Resources */,
			);
			path = WaterTracker;
			sourceTree = "<group>";
		};
		53095E632C922E7400C0F7DB /* Preview Content */ = {
			isa = PBXGroup;
			children = (
				53095E642C922E7400C0F7DB /* Preview Assets.xcassets */,
			);
			path = "Preview Content";
			sourceTree = "<group>";
		};
		53095E6D2C922E7400C0F7DB /* WaterTrackerTests */ = {
			isa = PBXGroup;
			children = (
				53095E6E2C922E7400C0F7DB /* WaterTrackerTests.swift */,
			);
			path = WaterTrackerTests;
			sourceTree = "<group>";
		};
		53095E772C922E7400C0F7DB /* WaterTrackerUITests */ = {
			isa = PBXGroup;
			children = (
				53095E782C922E7400C0F7DB /* WaterTrackerUITests.swift */,
				53095E7A2C922E7400C0F7DB /* WaterTrackerUITestsLaunchTests.swift */,
			);
			path = WaterTrackerUITests;
			sourceTree = "<group>";
		};
		53095E872C92C58C00C0F7DB /* Resources */ = {
			isa = PBXGroup;
			children = (
				53095E612C922E7400C0F7DB /* Assets.xcassets */,
				53095E632C922E7400C0F7DB /* Preview Content */,
				53095E8A2C92C94600C0F7DB /* Language.json */,
			);
			path = Resources;
			sourceTree = "<group>";
		};
		53095E882C92C8F100C0F7DB /* Utils */ = {
			isa = PBXGroup;
			children = (
				53095E972C92CE1700C0F7DB /* Extensions */,
				53095E892C92C92400C0F7DB /* Localization */,
			);
			path = Utils;
			sourceTree = "<group>";
		};
		53095E892C92C92400C0F7DB /* Localization */ = {
			isa = PBXGroup;
			children = (
				53095E8C2C92CA2500C0F7DB /* LocalizedKey.swift */,
				53095E952C92CD8200C0F7DB /* LocalizedText.swift */,
				53C5D98F2C96EA99007D2932 /* LocalizedNavTitle.swift */,
				535C2B022C9C5C5000B4C026 /* LocalizedButton.swift */,
			);
			path = Localization;
			sourceTree = "<group>";
		};
		53095E8E2C92CA8900C0F7DB /* Models */ = {
			isa = PBXGroup;
			children = (
				53095E8F2C92CA8F00C0F7DB /* App */,
			);
			path = Models;
			sourceTree = "<group>";
		};
		53095E8F2C92CA8F00C0F7DB /* App */ = {
			isa = PBXGroup;
			children = (
				53095E902C92CA9700C0F7DB /* AppLanguage.swift */,
				53095EAC2C92E3B600C0F7DB /* AppTheme.swift */,
				53095EB02C92E6EA00C0F7DB /* Onboarding.swift */,
			);
			path = App;
			sourceTree = "<group>";
		};
		53095E922C92CBC300C0F7DB /* Managers */ = {
			isa = PBXGroup;
			children = (
				53095E932C92CBD500C0F7DB /* UserPreferences.swift */,
			);
			path = Managers;
			sourceTree = "<group>";
		};
		53095E972C92CE1700C0F7DB /* Extensions */ = {
			isa = PBXGroup;
			children = (
				53095E982C92CE2200C0F7DB /* Optional.swift */,
				53095E9A2C92D0DE00C0F7DB /* Bundle+Decode.swift */,
			);
			path = Extensions;
			sourceTree = "<group>";
		};
		53095E9C2C92D20B00C0F7DB /* Features */ = {
			isa = PBXGroup;
			children = (
				535C2AFF2C9C5A7A00B4C026 /* ChooseLanguage */,
				535C2AFC2C9C513C00B4C026 /* Setting */,
				535C2AF72C9C2BA400B4C026 /* Profile */,
				53D8E7622C99419000AC1BC7 /* SetYourGoal */,
				53C5D98A2C96B6B4007D2932 /* Analysis */,
				5365698E2C957C790012E7BD /* Home */,
				53095EB62C93554D00C0F7DB /* Tab */,
				53095EA92C92DBC900C0F7DB /* Onboarding */,
				53095E9D2C92D21A00C0F7DB /* SplashScreen */,
			);
			path = Features;
			sourceTree = "<group>";
		};
		53095E9D2C92D21A00C0F7DB /* SplashScreen */ = {
			isa = PBXGroup;
			children = (
				53095E9E2C92D23600C0F7DB /* SplashScreen.swift */,
			);
			path = SplashScreen;
			sourceTree = "<group>";
		};
		53095EA42C92D51B00C0F7DB /* Components */ = {
			isa = PBXGroup;
			children = (
				53095EAE2C92E6BB00C0F7DB /* PagingIndicator.swift */,
				53095EB22C934CFF00C0F7DB /* AppButton.swift */,
				53095EB42C93546100C0F7DB /* Wave.swift */,
				53C5D98D2C96C240007D2932 /* NotificationBadge.swift */,
				53C5D9912C96EF3B007D2932 /* ActivityRing.swift */,
				53D8E7652C99516F00AC1BC7 /* DropDownMenu.swift */,
				535C2AFA2C9C30F500B4C026 /* CustomTextField.swift */,
			);
			path = Components;
			sourceTree = "<group>";
		};
		53095EA92C92DBC900C0F7DB /* Onboarding */ = {
			isa = PBXGroup;
			children = (
				53095EAA2C92DBD800C0F7DB /* OnboardingScreen.swift */,
			);
			path = Onboarding;
			sourceTree = "<group>";
		};
		53095EB62C93554D00C0F7DB /* Tab */ = {
			isa = PBXGroup;
			children = (
				53095EB72C93555600C0F7DB /* TabScreen.swift */,
			);
			path = Tab;
			sourceTree = "<group>";
		};
		5365698E2C957C790012E7BD /* Home */ = {
			isa = PBXGroup;
			children = (
				5365698F2C957C820012E7BD /* HomeScreen.swift */,
				536569912C9588B50012E7BD /* HomeScreenVM.swift */,
			);
			path = Home;
			sourceTree = "<group>";
		};
		53C5D98A2C96B6B4007D2932 /* Analysis */ = {
			isa = PBXGroup;
			children = (
				53C5D98B2C96B6C1007D2932 /* AnalysisScreen.swift */,
			);
			path = Analysis;
			sourceTree = "<group>";
		};
/* End PBXGroup section */

/* Begin PBXNativeTarget section */
		53095E572C922E7300C0F7DB /* WaterTracker */ = {
			isa = PBXNativeTarget;
			buildConfigurationList = 53095E7E2C922E7400C0F7DB /* Build configuration list for PBXNativeTarget "WaterTracker" */;
			buildPhases = (
				53095E542C922E7300C0F7DB /* Sources */,
				53095E552C922E7300C0F7DB /* Frameworks */,
				53095E562C922E7300C0F7DB /* Resources */,
			);
			buildRules = (
			);
			dependencies = (
			);
			fileSystemSynchronizedGroups = (
				535C2AF72C9C2BA400B4C026 /* Profile */,
				535C2AFC2C9C513C00B4C026 /* Setting */,
				535C2AFF2C9C5A7A00B4C026 /* ChooseLanguage */,
				53D8E7622C99419000AC1BC7 /* SetYourGoal */,
			);
			name = WaterTracker;
			productName = WaterTracker;
			productReference = 53095E582C922E7300C0F7DB /* WaterTracker.app */;
			productType = "com.apple.product-type.application";
		};
		53095E692C922E7400C0F7DB /* WaterTrackerTests */ = {
			isa = PBXNativeTarget;
			buildConfigurationList = 53095E812C922E7400C0F7DB /* Build configuration list for PBXNativeTarget "WaterTrackerTests" */;
			buildPhases = (
				53095E662C922E7400C0F7DB /* Sources */,
				53095E672C922E7400C0F7DB /* Frameworks */,
				53095E682C922E7400C0F7DB /* Resources */,
			);
			buildRules = (
			);
			dependencies = (
				53095E6C2C922E7400C0F7DB /* PBXTargetDependency */,
			);
			name = WaterTrackerTests;
			productName = WaterTrackerTests;
			productReference = 53095E6A2C922E7400C0F7DB /* WaterTrackerTests.xctest */;
			productType = "com.apple.product-type.bundle.unit-test";
		};
		53095E732C922E7400C0F7DB /* WaterTrackerUITests */ = {
			isa = PBXNativeTarget;
			buildConfigurationList = 53095E842C922E7400C0F7DB /* Build configuration list for PBXNativeTarget "WaterTrackerUITests" */;
			buildPhases = (
				53095E702C922E7400C0F7DB /* Sources */,
				53095E712C922E7400C0F7DB /* Frameworks */,
				53095E722C922E7400C0F7DB /* Resources */,
			);
			buildRules = (
			);
			dependencies = (
				53095E762C922E7400C0F7DB /* PBXTargetDependency */,
			);
			name = WaterTrackerUITests;
			productName = WaterTrackerUITests;
			productReference = 53095E742C922E7400C0F7DB /* WaterTrackerUITests.xctest */;
			productType = "com.apple.product-type.bundle.ui-testing";
		};
/* End PBXNativeTarget section */

/* Begin PBXProject section */
		53095E502C922E7300C0F7DB /* Project object */ = {
			isa = PBXProject;
			attributes = {
				BuildIndependentTargetsInParallel = 1;
				LastSwiftUpdateCheck = 1540;
				LastUpgradeCheck = 1600;
				TargetAttributes = {
					53095E572C922E7300C0F7DB = {
						CreatedOnToolsVersion = 15.4;
					};
					53095E692C922E7400C0F7DB = {
						CreatedOnToolsVersion = 15.4;
						TestTargetID = 53095E572C922E7300C0F7DB;
					};
					53095E732C922E7400C0F7DB = {
						CreatedOnToolsVersion = 15.4;
						TestTargetID = 53095E572C922E7300C0F7DB;
					};
				};
			};
			buildConfigurationList = 53095E532C922E7300C0F7DB /* Build configuration list for PBXProject "WaterTracker" */;
			compatibilityVersion = "Xcode 14.0";
			developmentRegion = en;
			hasScannedForEncodings = 0;
			knownRegions = (
				en,
				Base,
			);
			mainGroup = 53095E4F2C922E7300C0F7DB;
			productRefGroup = 53095E592C922E7300C0F7DB /* Products */;
			projectDirPath = "";
			projectRoot = "";
			targets = (
				53095E572C922E7300C0F7DB /* WaterTracker */,
				53095E692C922E7400C0F7DB /* WaterTrackerTests */,
				53095E732C922E7400C0F7DB /* WaterTrackerUITests */,
			);
		};
/* End PBXProject section */

/* Begin PBXResourcesBuildPhase section */
		53095E562C922E7300C0F7DB /* Resources */ = {
			isa = PBXResourcesBuildPhase;
			buildActionMask = 2147483647;
			files = (
				53095E8B2C92C94600C0F7DB /* Language.json in Resources */,
				53095E652C922E7400C0F7DB /* Preview Assets.xcassets in Resources */,
				53095E622C922E7400C0F7DB /* Assets.xcassets in Resources */,
			);
			runOnlyForDeploymentPostprocessing = 0;
		};
		53095E682C922E7400C0F7DB /* Resources */ = {
			isa = PBXResourcesBuildPhase;
			buildActionMask = 2147483647;
			files = (
			);
			runOnlyForDeploymentPostprocessing = 0;
		};
		53095E722C922E7400C0F7DB /* Resources */ = {
			isa = PBXResourcesBuildPhase;
			buildActionMask = 2147483647;
			files = (
			);
			runOnlyForDeploymentPostprocessing = 0;
		};
/* End PBXResourcesBuildPhase section */

/* Begin PBXSourcesBuildPhase section */
		53095E542C922E7300C0F7DB /* Sources */ = {
			isa = PBXSourcesBuildPhase;
			buildActionMask = 2147483647;
			files = (
				53095E9F2C92D23600C0F7DB /* SplashScreen.swift in Sources */,
				53095E942C92CBD500C0F7DB /* UserPreferences.swift in Sources */,
				53095E8D2C92CA2500C0F7DB /* LocalizedKey.swift in Sources */,
				53C5D98C2C96B6C1007D2932 /* AnalysisScreen.swift in Sources */,
				53C5D9902C96EA99007D2932 /* LocalizedNavTitle.swift in Sources */,
				53D8E7662C99516F00AC1BC7 /* DropDownMenu.swift in Sources */,
				53095E962C92CD8200C0F7DB /* LocalizedText.swift in Sources */,
				535C2B032C9C5C5000B4C026 /* LocalizedButton.swift in Sources */,
				536569902C957C820012E7BD /* HomeScreen.swift in Sources */,
				535C2AFB2C9C30F500B4C026 /* CustomTextField.swift in Sources */,
				53095EB52C93546100C0F7DB /* Wave.swift in Sources */,
				53095E912C92CA9700C0F7DB /* AppLanguage.swift in Sources */,
				53095EAB2C92DBD800C0F7DB /* OnboardingScreen.swift in Sources */,
				536569922C9588B50012E7BD /* HomeScreenVM.swift in Sources */,
				53C5D9922C96EF3B007D2932 /* ActivityRing.swift in Sources */,
				53095EB12C92E6EA00C0F7DB /* Onboarding.swift in Sources */,
				53095EB82C93555600C0F7DB /* TabScreen.swift in Sources */,
				53095E9B2C92D0DE00C0F7DB /* Bundle+Decode.swift in Sources */,
				53095E5C2C922E7300C0F7DB /* WaterTrackerApp.swift in Sources */,
				53095EB32C934CFF00C0F7DB /* AppButton.swift in Sources */,
				53095E992C92CE2200C0F7DB /* Optional.swift in Sources */,
				53C5D98E2C96C240007D2932 /* NotificationBadge.swift in Sources */,
				53095EAD2C92E3B600C0F7DB /* AppTheme.swift in Sources */,
				53095EAF2C92E6BB00C0F7DB /* PagingIndicator.swift in Sources */,
			);
			runOnlyForDeploymentPostprocessing = 0;
		};
		53095E662C922E7400C0F7DB /* Sources */ = {
			isa = PBXSourcesBuildPhase;
			buildActionMask = 2147483647;
			files = (
				53095E6F2C922E7400C0F7DB /* WaterTrackerTests.swift in Sources */,
			);
			runOnlyForDeploymentPostprocessing = 0;
		};
		53095E702C922E7400C0F7DB /* Sources */ = {
			isa = PBXSourcesBuildPhase;
			buildActionMask = 2147483647;
			files = (
				53095E792C922E7400C0F7DB /* WaterTrackerUITests.swift in Sources */,
				53095E7B2C922E7400C0F7DB /* WaterTrackerUITestsLaunchTests.swift in Sources */,
			);
			runOnlyForDeploymentPostprocessing = 0;
		};
/* End PBXSourcesBuildPhase section */

/* Begin PBXTargetDependency section */
		53095E6C2C922E7400C0F7DB /* PBXTargetDependency */ = {
			isa = PBXTargetDependency;
			target = 53095E572C922E7300C0F7DB /* WaterTracker */;
			targetProxy = 53095E6B2C922E7400C0F7DB /* PBXContainerItemProxy */;
		};
		53095E762C922E7400C0F7DB /* PBXTargetDependency */ = {
			isa = PBXTargetDependency;
			target = 53095E572C922E7300C0F7DB /* WaterTracker */;
			targetProxy = 53095E752C922E7400C0F7DB /* PBXContainerItemProxy */;
		};
/* End PBXTargetDependency section */

/* Begin XCBuildConfiguration section */
		53095E7C2C922E7400C0F7DB /* Debug */ = {
			isa = XCBuildConfiguration;
			buildSettings = {
				ALWAYS_SEARCH_USER_PATHS = NO;
				ASSETCATALOG_COMPILER_GENERATE_SWIFT_ASSET_SYMBOL_EXTENSIONS = YES;
				CLANG_ANALYZER_NONNULL = YES;
				CLANG_ANALYZER_NUMBER_OBJECT_CONVERSION = YES_AGGRESSIVE;
				CLANG_CXX_LANGUAGE_STANDARD = "gnu++20";
				CLANG_ENABLE_MODULES = YES;
				CLANG_ENABLE_OBJC_ARC = YES;
				CLANG_ENABLE_OBJC_WEAK = YES;
				CLANG_WARN_BLOCK_CAPTURE_AUTORELEASING = YES;
				CLANG_WARN_BOOL_CONVERSION = YES;
				CLANG_WARN_COMMA = YES;
				CLANG_WARN_CONSTANT_CONVERSION = YES;
				CLANG_WARN_DEPRECATED_OBJC_IMPLEMENTATIONS = YES;
				CLANG_WARN_DIRECT_OBJC_ISA_USAGE = YES_ERROR;
				CLANG_WARN_DOCUMENTATION_COMMENTS = YES;
				CLANG_WARN_EMPTY_BODY = YES;
				CLANG_WARN_ENUM_CONVERSION = YES;
				CLANG_WARN_INFINITE_RECURSION = YES;
				CLANG_WARN_INT_CONVERSION = YES;
				CLANG_WARN_NON_LITERAL_NULL_CONVERSION = YES;
				CLANG_WARN_OBJC_IMPLICIT_RETAIN_SELF = YES;
				CLANG_WARN_OBJC_LITERAL_CONVERSION = YES;
				CLANG_WARN_OBJC_ROOT_CLASS = YES_ERROR;
				CLANG_WARN_QUOTED_INCLUDE_IN_FRAMEWORK_HEADER = YES;
				CLANG_WARN_RANGE_LOOP_ANALYSIS = YES;
				CLANG_WARN_STRICT_PROTOTYPES = YES;
				CLANG_WARN_SUSPICIOUS_MOVE = YES;
				CLANG_WARN_UNGUARDED_AVAILABILITY = YES_AGGRESSIVE;
				CLANG_WARN_UNREACHABLE_CODE = YES;
				CLANG_WARN__DUPLICATE_METHOD_MATCH = YES;
				COPY_PHASE_STRIP = NO;
				DEBUG_INFORMATION_FORMAT = dwarf;
				ENABLE_STRICT_OBJC_MSGSEND = YES;
				ENABLE_TESTABILITY = YES;
				ENABLE_USER_SCRIPT_SANDBOXING = YES;
				GCC_C_LANGUAGE_STANDARD = gnu17;
				GCC_DYNAMIC_NO_PIC = NO;
				GCC_NO_COMMON_BLOCKS = YES;
				GCC_OPTIMIZATION_LEVEL = 0;
				GCC_PREPROCESSOR_DEFINITIONS = (
					"DEBUG=1",
					"$(inherited)",
				);
				GCC_WARN_64_TO_32_BIT_CONVERSION = YES;
				GCC_WARN_ABOUT_RETURN_TYPE = YES_ERROR;
				GCC_WARN_UNDECLARED_SELECTOR = YES;
				GCC_WARN_UNINITIALIZED_AUTOS = YES_AGGRESSIVE;
				GCC_WARN_UNUSED_FUNCTION = YES;
				GCC_WARN_UNUSED_VARIABLE = YES;
				IPHONEOS_DEPLOYMENT_TARGET = 17.5;
				LOCALIZATION_PREFERS_STRING_CATALOGS = YES;
				MTL_ENABLE_DEBUG_INFO = INCLUDE_SOURCE;
				MTL_FAST_MATH = YES;
				ONLY_ACTIVE_ARCH = YES;
				SDKROOT = iphoneos;
				SWIFT_ACTIVE_COMPILATION_CONDITIONS = "DEBUG $(inherited)";
				SWIFT_OPTIMIZATION_LEVEL = "-Onone";
			};
			name = Debug;
		};
		53095E7D2C922E7400C0F7DB /* Release */ = {
			isa = XCBuildConfiguration;
			buildSettings = {
				ALWAYS_SEARCH_USER_PATHS = NO;
				ASSETCATALOG_COMPILER_GENERATE_SWIFT_ASSET_SYMBOL_EXTENSIONS = YES;
				CLANG_ANALYZER_NONNULL = YES;
				CLANG_ANALYZER_NUMBER_OBJECT_CONVERSION = YES_AGGRESSIVE;
				CLANG_CXX_LANGUAGE_STANDARD = "gnu++20";
				CLANG_ENABLE_MODULES = YES;
				CLANG_ENABLE_OBJC_ARC = YES;
				CLANG_ENABLE_OBJC_WEAK = YES;
				CLANG_WARN_BLOCK_CAPTURE_AUTORELEASING = YES;
				CLANG_WARN_BOOL_CONVERSION = YES;
				CLANG_WARN_COMMA = YES;
				CLANG_WARN_CONSTANT_CONVERSION = YES;
				CLANG_WARN_DEPRECATED_OBJC_IMPLEMENTATIONS = YES;
				CLANG_WARN_DIRECT_OBJC_ISA_USAGE = YES_ERROR;
				CLANG_WARN_DOCUMENTATION_COMMENTS = YES;
				CLANG_WARN_EMPTY_BODY = YES;
				CLANG_WARN_ENUM_CONVERSION = YES;
				CLANG_WARN_INFINITE_RECURSION = YES;
				CLANG_WARN_INT_CONVERSION = YES;
				CLANG_WARN_NON_LITERAL_NULL_CONVERSION = YES;
				CLANG_WARN_OBJC_IMPLICIT_RETAIN_SELF = YES;
				CLANG_WARN_OBJC_LITERAL_CONVERSION = YES;
				CLANG_WARN_OBJC_ROOT_CLASS = YES_ERROR;
				CLANG_WARN_QUOTED_INCLUDE_IN_FRAMEWORK_HEADER = YES;
				CLANG_WARN_RANGE_LOOP_ANALYSIS = YES;
				CLANG_WARN_STRICT_PROTOTYPES = YES;
				CLANG_WARN_SUSPICIOUS_MOVE = YES;
				CLANG_WARN_UNGUARDED_AVAILABILITY = YES_AGGRESSIVE;
				CLANG_WARN_UNREACHABLE_CODE = YES;
				CLANG_WARN__DUPLICATE_METHOD_MATCH = YES;
				COPY_PHASE_STRIP = NO;
				DEBUG_INFORMATION_FORMAT = "dwarf-with-dsym";
				ENABLE_NS_ASSERTIONS = NO;
				ENABLE_STRICT_OBJC_MSGSEND = YES;
				ENABLE_USER_SCRIPT_SANDBOXING = YES;
				GCC_C_LANGUAGE_STANDARD = gnu17;
				GCC_NO_COMMON_BLOCKS = YES;
				GCC_WARN_64_TO_32_BIT_CONVERSION = YES;
				GCC_WARN_ABOUT_RETURN_TYPE = YES_ERROR;
				GCC_WARN_UNDECLARED_SELECTOR = YES;
				GCC_WARN_UNINITIALIZED_AUTOS = YES_AGGRESSIVE;
				GCC_WARN_UNUSED_FUNCTION = YES;
				GCC_WARN_UNUSED_VARIABLE = YES;
				IPHONEOS_DEPLOYMENT_TARGET = 17.5;
				LOCALIZATION_PREFERS_STRING_CATALOGS = YES;
				MTL_ENABLE_DEBUG_INFO = NO;
				MTL_FAST_MATH = YES;
				SDKROOT = iphoneos;
				SWIFT_COMPILATION_MODE = wholemodule;
				VALIDATE_PRODUCT = YES;
			};
			name = Release;
		};
		53095E7F2C922E7400C0F7DB /* Debug */ = {
			isa = XCBuildConfiguration;
			buildSettings = {
				ASSETCATALOG_COMPILER_APPICON_NAME = AppIcon;
				ASSETCATALOG_COMPILER_GLOBAL_ACCENT_COLOR_NAME = AccentColor;
				CODE_SIGN_STYLE = Automatic;
				CURRENT_PROJECT_VERSION = 1;
				DEVELOPMENT_ASSET_PATHS = "\"WaterTracker/Resources/Preview Content\"";
				ENABLE_PREVIEWS = YES;
				GENERATE_INFOPLIST_FILE = YES;
				INFOPLIST_KEY_UIApplicationSceneManifest_Generation = YES;
				INFOPLIST_KEY_UIApplicationSupportsIndirectInputEvents = YES;
				INFOPLIST_KEY_UILaunchScreen_Generation = YES;
				INFOPLIST_KEY_UISupportedInterfaceOrientations_iPad = "UIInterfaceOrientationPortrait UIInterfaceOrientationPortraitUpsideDown UIInterfaceOrientationLandscapeLeft UIInterfaceOrientationLandscapeRight";
				INFOPLIST_KEY_UISupportedInterfaceOrientations_iPhone = "UIInterfaceOrientationPortrait UIInterfaceOrientationLandscapeLeft UIInterfaceOrientationLandscapeRight";
				IPHONEOS_DEPLOYMENT_TARGET = 17;
				LD_RUNPATH_SEARCH_PATHS = (
					"$(inherited)",
					"@executable_path/Frameworks",
				);
				MARKETING_VERSION = 1.0;
				PRODUCT_BUNDLE_IDENTIFIER = com.nanda.WaterTracker;
				PRODUCT_NAME = "$(TARGET_NAME)";
				SWIFT_EMIT_LOC_STRINGS = YES;
				SWIFT_VERSION = 5.0;
				TARGETED_DEVICE_FAMILY = "1,2";
			};
			name = Debug;
		};
		53095E802C922E7400C0F7DB /* Release */ = {
			isa = XCBuildConfiguration;
			buildSettings = {
				ASSETCATALOG_COMPILER_APPICON_NAME = AppIcon;
				ASSETCATALOG_COMPILER_GLOBAL_ACCENT_COLOR_NAME = AccentColor;
				CODE_SIGN_STYLE = Automatic;
				CURRENT_PROJECT_VERSION = 1;
				DEVELOPMENT_ASSET_PATHS = "\"WaterTracker/Resources/Preview Content\"";
				ENABLE_PREVIEWS = YES;
				GENERATE_INFOPLIST_FILE = YES;
				INFOPLIST_KEY_UIApplicationSceneManifest_Generation = YES;
				INFOPLIST_KEY_UIApplicationSupportsIndirectInputEvents = YES;
				INFOPLIST_KEY_UILaunchScreen_Generation = YES;
				INFOPLIST_KEY_UISupportedInterfaceOrientations_iPad = "UIInterfaceOrientationPortrait UIInterfaceOrientationPortraitUpsideDown UIInterfaceOrientationLandscapeLeft UIInterfaceOrientationLandscapeRight";
				INFOPLIST_KEY_UISupportedInterfaceOrientations_iPhone = "UIInterfaceOrientationPortrait UIInterfaceOrientationLandscapeLeft UIInterfaceOrientationLandscapeRight";
				IPHONEOS_DEPLOYMENT_TARGET = 17;
				LD_RUNPATH_SEARCH_PATHS = (
					"$(inherited)",
					"@executable_path/Frameworks",
				);
				MARKETING_VERSION = 1.0;
				PRODUCT_BUNDLE_IDENTIFIER = com.nanda.WaterTracker;
				PRODUCT_NAME = "$(TARGET_NAME)";
				SWIFT_EMIT_LOC_STRINGS = YES;
				SWIFT_VERSION = 5.0;
				TARGETED_DEVICE_FAMILY = "1,2";
			};
			name = Release;
		};
		53095E822C922E7400C0F7DB /* Debug */ = {
			isa = XCBuildConfiguration;
			buildSettings = {
				BUNDLE_LOADER = "$(TEST_HOST)";
				CODE_SIGN_STYLE = Automatic;
				CURRENT_PROJECT_VERSION = 1;
				GENERATE_INFOPLIST_FILE = YES;
				IPHONEOS_DEPLOYMENT_TARGET = 17.5;
				MARKETING_VERSION = 1.0;
				PRODUCT_BUNDLE_IDENTIFIER = com.nanda.WaterTrackerTests;
				PRODUCT_NAME = "$(TARGET_NAME)";
				SWIFT_EMIT_LOC_STRINGS = NO;
				SWIFT_VERSION = 5.0;
				TARGETED_DEVICE_FAMILY = "1,2";
				TEST_HOST = "$(BUILT_PRODUCTS_DIR)/WaterTracker.app/$(BUNDLE_EXECUTABLE_FOLDER_PATH)/WaterTracker";
			};
			name = Debug;
		};
		53095E832C922E7400C0F7DB /* Release */ = {
			isa = XCBuildConfiguration;
			buildSettings = {
				BUNDLE_LOADER = "$(TEST_HOST)";
				CODE_SIGN_STYLE = Automatic;
				CURRENT_PROJECT_VERSION = 1;
				GENERATE_INFOPLIST_FILE = YES;
				IPHONEOS_DEPLOYMENT_TARGET = 17.5;
				MARKETING_VERSION = 1.0;
				PRODUCT_BUNDLE_IDENTIFIER = com.nanda.WaterTrackerTests;
				PRODUCT_NAME = "$(TARGET_NAME)";
				SWIFT_EMIT_LOC_STRINGS = NO;
				SWIFT_VERSION = 5.0;
				TARGETED_DEVICE_FAMILY = "1,2";
				TEST_HOST = "$(BUILT_PRODUCTS_DIR)/WaterTracker.app/$(BUNDLE_EXECUTABLE_FOLDER_PATH)/WaterTracker";
			};
			name = Release;
		};
		53095E852C922E7400C0F7DB /* Debug */ = {
			isa = XCBuildConfiguration;
			buildSettings = {
				CODE_SIGN_STYLE = Automatic;
				CURRENT_PROJECT_VERSION = 1;
				GENERATE_INFOPLIST_FILE = YES;
				MARKETING_VERSION = 1.0;
				PRODUCT_BUNDLE_IDENTIFIER = com.nanda.WaterTrackerUITests;
				PRODUCT_NAME = "$(TARGET_NAME)";
				SWIFT_EMIT_LOC_STRINGS = NO;
				SWIFT_VERSION = 5.0;
				TARGETED_DEVICE_FAMILY = "1,2";
				TEST_TARGET_NAME = WaterTracker;
			};
			name = Debug;
		};
		53095E862C922E7400C0F7DB /* Release */ = {
			isa = XCBuildConfiguration;
			buildSettings = {
				CODE_SIGN_STYLE = Automatic;
				CURRENT_PROJECT_VERSION = 1;
				GENERATE_INFOPLIST_FILE = YES;
				MARKETING_VERSION = 1.0;
				PRODUCT_BUNDLE_IDENTIFIER = com.nanda.WaterTrackerUITests;
				PRODUCT_NAME = "$(TARGET_NAME)";
				SWIFT_EMIT_LOC_STRINGS = NO;
				SWIFT_VERSION = 5.0;
				TARGETED_DEVICE_FAMILY = "1,2";
				TEST_TARGET_NAME = WaterTracker;
			};
			name = Release;
		};
/* End XCBuildConfiguration section */

/* Begin XCConfigurationList section */
		53095E532C922E7300C0F7DB /* Build configuration list for PBXProject "WaterTracker" */ = {
			isa = XCConfigurationList;
			buildConfigurations = (
				53095E7C2C922E7400C0F7DB /* Debug */,
				53095E7D2C922E7400C0F7DB /* Release */,
			);
			defaultConfigurationIsVisible = 0;
			defaultConfigurationName = Release;
		};
		53095E7E2C922E7400C0F7DB /* Build configuration list for PBXNativeTarget "WaterTracker" */ = {
			isa = XCConfigurationList;
			buildConfigurations = (
				53095E7F2C922E7400C0F7DB /* Debug */,
				53095E802C922E7400C0F7DB /* Release */,
			);
			defaultConfigurationIsVisible = 0;
			defaultConfigurationName = Release;
		};
		53095E812C922E7400C0F7DB /* Build configuration list for PBXNativeTarget "WaterTrackerTests" */ = {
			isa = XCConfigurationList;
			buildConfigurations = (
				53095E822C922E7400C0F7DB /* Debug */,
				53095E832C922E7400C0F7DB /* Release */,
			);
			defaultConfigurationIsVisible = 0;
			defaultConfigurationName = Release;
		};
		53095E842C922E7400C0F7DB /* Build configuration list for PBXNativeTarget "WaterTrackerUITests" */ = {
			isa = XCConfigurationList;
			buildConfigurations = (
				53095E852C922E7400C0F7DB /* Debug */,
				53095E862C922E7400C0F7DB /* Release */,
			);
			defaultConfigurationIsVisible = 0;
			defaultConfigurationName = Release;
		};
/* End XCConfigurationList section */
	};
	rootObject = 53095E502C922E7300C0F7DB /* Project object */;
}
